{
    "_readme": [
        "This file locks the dependencies of your project to a known state",
        "Read more about it at https://getcomposer.org/doc/01-basic-usage.md#composer-lock-the-lock-file",
        "This file is @generated automatically"
    ],
    "hash": "6284d483f100716d682934f4821af6f0",
    "content-hash": "0e0dffd6bd6f0a91adba60a287724530",
    "packages": [
        {
            "name": "pear/console_getopt",
            "version": "v1.4.1",
            "source": {
                "type": "git",
                "url": "https://github.com/pear/Console_Getopt.git",
                "reference": "82f05cd1aa3edf34e19aa7c8ca312ce13a6a577f"
            },
            "dist": {
                "type": "zip",
                "url": "https://api.github.com/repos/pear/Console_Getopt/zipball/82f05cd1aa3edf34e19aa7c8ca312ce13a6a577f",
                "reference": "82f05cd1aa3edf34e19aa7c8ca312ce13a6a577f",
                "shasum": ""
            },
            "type": "library",
            "autoload": {
                "psr-0": {
                    "Console": "./"
                }
            },
            "notification-url": "https://packagist.org/downloads/",
            "include-path": [
                "./"
            ],
            "license": [
                "BSD-2-Clause"
            ],
            "authors": [
                {
                    "name": "Greg Beaver",
                    "email": "cellog@php.net",
                    "role": "Helper"
                },
                {
                    "name": "Andrei Zmievski",
                    "email": "andrei@php.net",
                    "role": "Lead"
                },
                {
                    "name": "Stig Bakken",
                    "email": "stig@php.net",
                    "role": "Developer"
                }
            ],
            "description": "More info available on: http://pear.php.net/package/Console_Getopt",
            "time": "2015-07-20 20:28:12"
        },
        {
            "name": "pear/http_request2",
            "version": "v2.2.1",
            "source": {
                "type": "git",
                "url": "https://github.com/pear/HTTP_Request2.git",
                "reference": "d6c81670c504045248c1afdf896bb9a3288158de"
            },
            "dist": {
                "type": "zip",
                "url": "https://api.github.com/repos/pear/HTTP_Request2/zipball/d6c81670c504045248c1afdf896bb9a3288158de",
                "reference": "d6c81670c504045248c1afdf896bb9a3288158de",
                "shasum": ""
            },
            "require": {
                "pear/net_url2": ">=2.0.0",
                "pear/pear_exception": "*",
                "php": ">=5.2.0"
            },
            "suggest": {
                "ext-fileinfo": "Adds support for looking up mime-types using finfo.",
                "ext-zlib": "Allows handling gzip compressed responses.",
                "lib-curl": "Allows using cURL as a request backend.",
                "lib-openssl": "Allows handling SSL requests when not using cURL."
            },
            "type": "library",
            "autoload": {
                "psr-0": {
                    "HTTP_Request2": ""
                }
            },
            "notification-url": "https://packagist.org/downloads/",
            "license": [
                "BSD-3-Clause"
            ],
            "authors": [
                {
                    "name": "Alexey Borzov",
                    "email": "avb@php.net",
                    "role": "Developer HTML_Common2"
                }
            ],
            "description": "Provides an easy way to perform HTTP requests.",
            "homepage": "http://pear.php.net/package/HTTP_Request2",
            "keywords": [
                "PEAR",
                "curl",
                "http",
                "request"
            ],
            "time": "2014-01-16 17:27:21"
        },
        {
            "name": "pear/mail",
            "version": "1.3.0",
            "source": {
                "type": "git",
                "url": "https://github.com/pear/Mail.git",
                "reference": "8a7305cb507b460e03e55e0ac84c67c8358c9b44"
            },
            "dist": {
                "type": "zip",
                "url": "https://api.github.com/repos/pear/Mail/zipball/8a7305cb507b460e03e55e0ac84c67c8358c9b44",
                "reference": "8a7305cb507b460e03e55e0ac84c67c8358c9b44",
                "shasum": ""
            },
            "require": {
                "pear/pear-core-minimal": "*",
                "php": ">=5.2.1"
            },
            "require-dev": {
                "pear/pear": "*"
            },
            "suggest": {
                "pear/net_smtp": "Install optionally via your project's composer.json"
            },
            "type": "library",
            "autoload": {
                "psr-0": {
                    "Mail": "./"
                }
            },
            "notification-url": "https://packagist.org/downloads/",
            "include-path": [
                "./"
            ],
            "license": [
                "BSD-2-Clause"
            ],
            "authors": [
                {
                    "name": "Chuck Hagenbuch",
                    "email": "chuck@horde.org",
                    "role": "Lead"
                },
                {
                    "name": "Richard Heyes",
                    "email": "richard@phpguru.org",
                    "role": "Developer"
                },
                {
                    "name": "Aleksander Machniak",
                    "email": "alec@alec.pl",
                    "role": "Developer"
                }
            ],
            "description": "Class that provides multiple interfaces for sending emails.",
            "homepage": "http://pear.php.net/package/Mail",
            "time": "2016-01-31 21:32:18"
        },
        {
            "name": "pear/mail_mime",
            "version": "1.10.0",
            "source": {
                "type": "git",
                "url": "https://github.com/pear/Mail_Mime.git",
                "reference": "e071727cf41a4b85ecc1de210ed4fd7f4f8d1ec4"
            },
            "dist": {
                "type": "zip",
                "url": "https://api.github.com/repos/pear/Mail_Mime/zipball/e071727cf41a4b85ecc1de210ed4fd7f4f8d1ec4",
                "reference": "e071727cf41a4b85ecc1de210ed4fd7f4f8d1ec4",
                "shasum": ""
            },
            "require": {
                "pear/pear-core-minimal": "*"
            },
            "type": "library",
            "autoload": {
                "psr-0": {
                    "Mail": "./"
                }
            },
            "notification-url": "https://packagist.org/downloads/",
            "include-path": [
                "./"
            ],
            "license": [
                "BSD Style"
            ],
            "authors": [
                {
                    "name": "Cipriano Groenendal",
                    "email": "cipri@php.net",
                    "role": "Lead"
                },
                {
                    "name": "Aleksander Machniak",
                    "email": "alec@php.net",
                    "role": "Lead"
                }
            ],
            "description": "Mail_Mime provides classes to create MIME messages",
            "homepage": "http://pear.php.net/package/Mail_Mime",
            "time": "2015-09-13 12:42:41"
        },
        {
            "name": "pear/net_url2",
            "version": "v2.2.1",
            "source": {
                "type": "git",
                "url": "https://github.com/pear/Net_URL2.git",
                "reference": "43a87606daf52efe6685c92131be083143108e37"
            },
            "dist": {
                "type": "zip",
                "url": "https://api.github.com/repos/pear/Net_URL2/zipball/43a87606daf52efe6685c92131be083143108e37",
                "reference": "43a87606daf52efe6685c92131be083143108e37",
                "shasum": ""
            },
            "require": {
                "php": ">=5.1.4"
            },
            "require-dev": {
                "phpunit/phpunit": ">=3.3.0"
            },
            "type": "library",
            "extra": {
                "branch-alias": {
                    "dev-master": "2.2.x-dev"
                }
            },
            "autoload": {
                "classmap": [
                    "Net/URL2.php"
                ]
            },
            "notification-url": "https://packagist.org/downloads/",
            "license": [
                "BSD-3-Clause"
            ],
            "authors": [
                {
                    "name": "David Coallier",
                    "email": "davidc@php.net"
                },
                {
                    "name": "Tom Klingenberg",
                    "email": "tkli@php.net"
                },
                {
                    "name": "Christian Schmidt",
                    "email": "chmidt@php.net"
                }
            ],
            "description": "Class for parsing and handling URL. Provides parsing of URLs into their constituent parts (scheme, host, path etc.), URL generation, and resolving of relative URLs.",
            "homepage": "https://github.com/pear/Net_URL2",
            "keywords": [
                "PEAR",
                "net",
                "networking",
                "rfc3986",
                "uri",
                "url"
            ],
            "time": "2016-04-18 22:24:01"
        },
        {
            "name": "pear/pear-core-minimal",
            "version": "v1.10.1",
            "source": {
                "type": "git",
                "url": "https://github.com/pear/pear-core-minimal.git",
                "reference": "cae0f1ce0cb5bddb611b0a652d322905a65a5896"
            },
            "dist": {
                "type": "zip",
                "url": "https://api.github.com/repos/pear/pear-core-minimal/zipball/cae0f1ce0cb5bddb611b0a652d322905a65a5896",
                "reference": "cae0f1ce0cb5bddb611b0a652d322905a65a5896",
                "shasum": ""
            },
            "require": {
                "pear/console_getopt": "~1.3",
                "pear/pear_exception": "~1.0"
            },
            "replace": {
                "rsky/pear-core-min": "self.version"
            },
            "type": "library",
            "autoload": {
                "psr-0": {
                    "": "src/"
                }
            },
            "notification-url": "https://packagist.org/downloads/",
            "include-path": [
                "src/"
            ],
            "license": [
                "BSD-3-Clause"
            ],
            "authors": [
                {
                    "name": "Christian Weiske",
                    "email": "cweiske@php.net",
                    "role": "Lead"
                }
            ],
            "description": "Minimal set of PEAR core files to be used as composer dependency",
            "time": "2015-10-17 11:41:19"
        },
        {
            "name": "pear/pear_exception",
            "version": "v1.0.0",
            "source": {
                "type": "git",
                "url": "https://github.com/pear/PEAR_Exception.git",
                "reference": "8c18719fdae000b690e3912be401c76e406dd13b"
            },
            "dist": {
                "type": "zip",
                "url": "https://api.github.com/repos/pear/PEAR_Exception/zipball/8c18719fdae000b690e3912be401c76e406dd13b",
                "reference": "8c18719fdae000b690e3912be401c76e406dd13b",
                "shasum": ""
            },
            "require": {
                "php": ">=4.4.0"
            },
            "require-dev": {
                "phpunit/phpunit": "*"
            },
            "type": "class",
            "extra": {
                "branch-alias": {
                    "dev-master": "1.0.x-dev"
                }
            },
            "autoload": {
                "psr-0": {
                    "PEAR": ""
                }
            },
            "notification-url": "https://packagist.org/downloads/",
            "include-path": [
                "."
            ],
            "license": [
                "BSD-2-Clause"
            ],
            "authors": [
                {
                    "name": "Helgi Thormar",
                    "email": "dufuz@php.net"
                },
                {
                    "name": "Greg Beaver",
                    "email": "cellog@php.net"
                }
            ],
            "description": "The PEAR Exception base class.",
            "homepage": "https://github.com/pear/PEAR_Exception",
            "keywords": [
                "exception"
            ],
            "time": "2015-02-10 20:07:52"
        },
        {
            "name": "rapp-lib/rlib",
            "version": "dev-master",
            "source": {
                "type": "git",
                "url": "https://github.com/rapp-lib/rlib.git",
                "reference": "4658949c24e345790953b53f0d82dab48e7ff4e8"
            },
            "dist": {
                "type": "zip",
                "url": "https://api.github.com/repos/rapp-lib/rlib/zipball/4658949c24e345790953b53f0d82dab48e7ff4e8",
                "reference": "4658949c24e345790953b53f0d82dab48e7ff4e8",
                "shasum": ""
            },
            "require": {
                "pear/http_request2": "2.2.1",
                "pear/mail": "1.3.0",
                "pear/mail_mime": "1.10.0",
                "smarty/smarty": "v3.*@stable",
                "swiftmailer/swiftmailer": "v5.*@stable"
            },
            "type": "library",
            "autoload": {
                "psr-4": {
                    "R\\Lib\\": "lib/",
                    "R\\Plugin\\": "plugins/",
                    "R\\Util\\": "util/",
                    "\\": "ext/include/",
                    "R\\Lib\\Form\\Rule\\": "plugins/Form/Rule/",
                    "R\\Lib\\Form\\Input\\": "plugins/Smarty/InputType/",
                    "R\\Lib\\Query\\Search\\": "plugins/DBI/SearchType/"
                },
                "files": [
                    "functions/array.php",
                    "functions/html.php",
                    "functions/path.php",
                    "functions/webapp.php",
                    "functions/date.php",
                    "functions/string.php",
                    "functions/file.php",
                    "functions/modules.php",
                    "functions/report.php",
                    "functions/vars.php",
                    "functions/lib_db.php",
                    "functions/lib_smarty.php"
                ]
            },
            "notification-url": "https://packagist.org/downloads/",
            "include-path": [
                "ext/include/",
                "../../pear/pear_exception",
                "../../pear/net_url2",
                "../../pear/http_request2",
                "../../pear/mail"
            ],
            "license": [
                "MIT"
            ],
            "description": "Simple webapp library",
            "time": "2016-09-30 13:55:03"
        },
        {
            "name": "smarty/smarty",
            "version": "v3.1.30",
            "source": {
                "type": "git",
                "url": "https://github.com/smarty-php/smarty.git",
                "reference": "ed2b7f1146cfda13df1eea8a5f707a1b771b6e7e"
            },
            "dist": {
                "type": "zip",
                "url": "https://api.github.com/repos/smarty-php/smarty/zipball/ed2b7f1146cfda13df1eea8a5f707a1b771b6e7e",
                "reference": "ed2b7f1146cfda13df1eea8a5f707a1b771b6e7e",
                "shasum": ""
            },
            "require": {
                "php": ">=5.2"
            },
            "type": "library",
            "extra": {
                "branch-alias": {
                    "dev-master": "3.1.x-dev"
                }
            },
            "autoload": {
                "classmap": [
                    "libs/Smarty.class.php",
                    "libs/SmartyBC.class.php",
                    "libs/sysplugins/"
                ]
            },
            "notification-url": "https://packagist.org/downloads/",
            "license": [
                "LGPL-3.0"
            ],
            "authors": [
                {
                    "name": "Monte Ohrt",
                    "email": "monte@ohrt.com"
                },
                {
                    "name": "Uwe Tews",
                    "email": "uwe.tews@googlemail.com"
                },
                {
                    "name": "Rodney Rehm",
                    "email": "rodney.rehm@medialize.de"
                }
            ],
            "description": "Smarty - the compiling PHP template engine",
            "homepage": "http://www.smarty.net",
            "keywords": [
                "templating"
            ],
            "time": "2016-08-07 18:46:49"
        },
        {
            "name": "swiftmailer/swiftmailer",
            "version": "v5.4.3",
            "source": {
                "type": "git",
                "url": "https://github.com/swiftmailer/swiftmailer.git",
                "reference": "4cc92842069c2bbc1f28daaaf1d2576ec4dfe153"
            },
            "dist": {
                "type": "zip",
                "url": "https://api.github.com/repos/swiftmailer/swiftmailer/zipball/4cc92842069c2bbc1f28daaaf1d2576ec4dfe153",
                "reference": "4cc92842069c2bbc1f28daaaf1d2576ec4dfe153",
                "shasum": ""
            },
            "require": {
                "php": ">=5.3.3"
            },
            "require-dev": {
                "mockery/mockery": "~0.9.1"
            },
            "type": "library",
            "extra": {
                "branch-alias": {
                    "dev-master": "5.4-dev"
                }
            },
            "autoload": {
                "files": [
                    "lib/swift_required.php"
                ]
            },
            "notification-url": "https://packagist.org/downloads/",
            "license": [
                "MIT"
            ],
            "authors": [
                {
                    "name": "Chris Corbyn"
                },
                {
                    "name": "Fabien Potencier",
                    "email": "fabien@symfony.com"
                }
            ],
            "description": "Swiftmailer, free feature-rich PHP mailer",
            "homepage": "http://swiftmailer.org",
            "keywords": [
                "email",
                "mail",
                "mailer"
            ],
            "time": "2016-07-08 11:51:25"
        }
    ],
    "packages-dev": [],
    "aliases": [],
    "minimum-stability": "stable",
    "stability-flags": {
        "rapp-lib/rlib": 20
    },
    "prefer-stable": false,
    "prefer-lowest": false,
    "platform": [],
    "platform-dev": []
}
